
Microsoft Visual Studio Solution File, Format Version 12.00
# Visual Studio 15
VisualStudioVersion = 15.0.27004.2008
MinimumVisualStudioVersion = 10.0.40219.1
Project("{FAE04EC0-301F-11D3-BF4B-00C04F79EFBC}") = "FibonacciNums", "FibonacciNums\FibonacciNums.csproj", "{4C77028C-B9A6-4C95-8E0E-031F108EA3B2}"
EndProject
Project("{FAE04EC0-301F-11D3-BF4B-00C04F79EFBC}") = "FibonacciNumsTests", "FibonacciNumsTests\FibonacciNumsTests.csproj", "{C1AE95B4-AE77-4841-BBFE-1D75838914C8}"
EndProject
Global
	GlobalSection(SolutionConfigurationPlatforms) = preSolution
		Debug|Any CPU = Debug|Any CPU
		Release|Any CPU = Release|Any CPU
	EndGlobalSection
	GlobalSection(ProjectConfigurationPlatforms) = postSolution
		{4C77028C-B9A6-4C95-8E0E-031F108EA3B2}.Debug|Any CPU.ActiveCfg = Debug|Any CPU
		{4C77028C-B9A6-4C95-8E0E-031F108EA3B2}.Debug|Any CPU.Build.0 = Debug|Any CPU
		{4C77028C-B9A6-4C95-8E0E-031F108EA3B2}.Release|Any CPU.ActiveCfg = Release|Any CPU
		{4C77028C-B9A6-4C95-8E0E-031F108EA3B2}.Release|Any CPU.Build.0 = Release|Any CPU
		{C1AE95B4-AE77-4841-BBFE-1D75838914C8}.Debug|Any CPU.ActiveCfg = Debug|Any CPU
		{C1AE95B4-AE77-4841-BBFE-1D75838914C8}.Debug|Any CPU.Build.0 = Debug|Any CPU
		{C1AE95B4-AE77-4841-BBFE-1D75838914C8}.Release|Any CPU.ActiveCfg = Release|Any CPU
		{C1AE95B4-AE77-4841-BBFE-1D75838914C8}.Release|Any CPU.Build.0 = Release|Any CPU
	EndGlobalSection
	GlobalSection(SolutionProperties) = preSolution
		HideSolutionNode = FALSE
	EndGlobalSection
	GlobalSection(ExtensibilityGlobals) = postSolution
		SolutionGuid = {EF60C8C1-BE93-4DFF-9FCB-52F05FC01C3C}
	EndGlobalSection
EndGlobal
